
Microsoft Visual Studio Solution File, Format Version 12.00
# Visual Studio Version 17
VisualStudioVersion = 17.1.32228.430
MinimumVisualStudioVersion = 10.0.40219.1
Project("{2150E333-8FDC-42A3-9474-1A3956D46DE8}") = "Solution Items", "Solution Items", "{74ABC0FE-C6EA-4A86-834B-08BAF8AC7577}"
	ProjectSection(SolutionItems) = preProject
		.editorconfig = .editorconfig
		.gitignore = .gitignore
		azure-pipelines.yml = azure-pipelines.yml
		GitVersion.yml = GitVersion.yml
		README.md = README.md
	EndProjectSection
EndProject
Project("{9A19103F-16F7-4668-BE54-9A1E7A4F7556}") = "Neolution.Extensions.DataSeeding", "Neolution.Extensions.DataSeeding\Neolution.Extensions.DataSeeding.csproj", "{E47FF26B-4900-40A2-BA9D-2BEC5C4733E6}"
EndProject
Project("{9A19103F-16F7-4668-BE54-9A1E7A4F7556}") = "Neolution.Extensions.DataSeeding.UnitTests", "Neolution.Extensions.DataSeeding.UnitTests\Neolution.Extensions.DataSeeding.UnitTests.csproj", "{D1831BE0-7751-4E55-A248-CC8444E7D2A5}"
EndProject
Project("{9A19103F-16F7-4668-BE54-9A1E7A4F7556}") = "Neolution.Extensions.DataSeeding.Sample", "Neolution.Extensions.DataSeeding.Sample\Neolution.Extensions.DataSeeding.Sample.csproj", "{750FFE55-0B29-4796-A2C3-936B8F380D59}"
EndProject
Global
	GlobalSection(SolutionConfigurationPlatforms) = preSolution
		Debug|Any CPU = Debug|Any CPU
		Release|Any CPU = Release|Any CPU
	EndGlobalSection
	GlobalSection(ProjectConfigurationPlatforms) = postSolution
		{E47FF26B-4900-40A2-BA9D-2BEC5C4733E6}.Debug|Any CPU.ActiveCfg = Debug|Any CPU
		{E47FF26B-4900-40A2-BA9D-2BEC5C4733E6}.Debug|Any CPU.Build.0 = Debug|Any CPU
		{E47FF26B-4900-40A2-BA9D-2BEC5C4733E6}.Release|Any CPU.ActiveCfg = Release|Any CPU
		{E47FF26B-4900-40A2-BA9D-2BEC5C4733E6}.Release|Any CPU.Build.0 = Release|Any CPU
		{D1831BE0-7751-4E55-A248-CC8444E7D2A5}.Debug|Any CPU.ActiveCfg = Debug|Any CPU
		{D1831BE0-7751-4E55-A248-CC8444E7D2A5}.Debug|Any CPU.Build.0 = Debug|Any CPU
		{D1831BE0-7751-4E55-A248-CC8444E7D2A5}.Release|Any CPU.ActiveCfg = Release|Any CPU
		{D1831BE0-7751-4E55-A248-CC8444E7D2A5}.Release|Any CPU.Build.0 = Release|Any CPU
		{750FFE55-0B29-4796-A2C3-936B8F380D59}.Debug|Any CPU.ActiveCfg = Debug|Any CPU
		{750FFE55-0B29-4796-A2C3-936B8F380D59}.Debug|Any CPU.Build.0 = Debug|Any CPU
		{750FFE55-0B29-4796-A2C3-936B8F380D59}.Release|Any CPU.ActiveCfg = Release|Any CPU
		{750FFE55-0B29-4796-A2C3-936B8F380D59}.Release|Any CPU.Build.0 = Release|Any CPU
	EndGlobalSection
	GlobalSection(SolutionProperties) = preSolution
		HideSolutionNode = FALSE
	EndGlobalSection
	GlobalSection(ExtensibilityGlobals) = postSolution
		SolutionGuid = {5A2A6363-0CAE-4400-8903-B346EA76BA17}
	EndGlobalSection
EndGlobal
